// !$*UTF8*$!
{
	archiveVersion = 1;
	classes = {
	};
	objectVersion = 56;
	objects = {

/* Begin PBXBuildFile section */
		D2349F242990726800F7B62A /* AppDelegate.swift in Sources */ = {isa = PBXBuildFile; fileRef = D2349F232990726800F7B62A /* AppDelegate.swift */; };
		D2349F282990726800F7B62A /* ListViewController.swift in Sources */ = {isa = PBXBuildFile; fileRef = D2349F272990726800F7B62A /* ListViewController.swift */; };
		D2349F2B2990726800F7B62A /* Main.storyboard in Resources */ = {isa = PBXBuildFile; fileRef = D2349F292990726800F7B62A /* Main.storyboard */; };
		D2349F2E2990726800F7B62A /* RickAndMorty.xcdatamodeld in Sources */ = {isa = PBXBuildFile; fileRef = D2349F2C2990726800F7B62A /* RickAndMorty.xcdatamodeld */; };
		D2349F302990726900F7B62A /* Assets.xcassets in Resources */ = {isa = PBXBuildFile; fileRef = D2349F2F2990726900F7B62A /* Assets.xcassets */; };
		D2349F332990726900F7B62A /* LaunchScreen.storyboard in Resources */ = {isa = PBXBuildFile; fileRef = D2349F312990726900F7B62A /* LaunchScreen.storyboard */; };
		D2349F3E2990726900F7B62A /* RickAndMortyTests.swift in Sources */ = {isa = PBXBuildFile; fileRef = D2349F3D2990726900F7B62A /* RickAndMortyTests.swift */; };
		D2349F482990726900F7B62A /* RickAndMortyUITests.swift in Sources */ = {isa = PBXBuildFile; fileRef = D2349F472990726900F7B62A /* RickAndMortyUITests.swift */; };
		D2349F4A2990726900F7B62A /* RickAndMortyUITestsLaunchTests.swift in Sources */ = {isa = PBXBuildFile; fileRef = D2349F492990726900F7B62A /* RickAndMortyUITestsLaunchTests.swift */; };
		D2349FBE2995B68700F7B62A /* ListViewModel.swift in Sources */ = {isa = PBXBuildFile; fileRef = D2349FBD2995B68700F7B62A /* ListViewModel.swift */; };
		D2349FC02995B69400F7B62A /* ListModel.swift in Sources */ = {isa = PBXBuildFile; fileRef = D2349FBF2995B69400F7B62A /* ListModel.swift */; };
		D2349FC22996F9C900F7B62A /* ListViewControllerTableHelper.swift in Sources */ = {isa = PBXBuildFile; fileRef = D2349FC12996F9C900F7B62A /* ListViewControllerTableHelper.swift */; };
		D2349FC529970B9100F7B62A /* ListCell.swift in Sources */ = {isa = PBXBuildFile; fileRef = D2349FC329970B9100F7B62A /* ListCell.swift */; };
		D2349FC629970B9100F7B62A /* ListCell.xib in Resources */ = {isa = PBXBuildFile; fileRef = D2349FC429970B9100F7B62A /* ListCell.xib */; };
		D2E1B88029983492003D534E /* Kingfisher in Frameworks */ = {isa = PBXBuildFile; productRef = D2E1B87F29983492003D534E /* Kingfisher */; };
		D2E1B883299835B4003D534E /* Alamofire in Frameworks */ = {isa = PBXBuildFile; productRef = D2E1B882299835B4003D534E /* Alamofire */; };
		D2E1B88529983F24003D534E /* CharacterData.swift in Sources */ = {isa = PBXBuildFile; fileRef = D2E1B88429983F24003D534E /* CharacterData.swift */; };
/* End PBXBuildFile section */

/* Begin PBXContainerItemProxy section */
		D2349F3A2990726900F7B62A /* PBXContainerItemProxy */ = {
			isa = PBXContainerItemProxy;
			containerPortal = D2349F182990726800F7B62A /* Project object */;
			proxyType = 1;
			remoteGlobalIDString = D2349F1F2990726800F7B62A;
			remoteInfo = RickAndMorty;
		};
		D2349F442990726900F7B62A /* PBXContainerItemProxy */ = {
			isa = PBXContainerItemProxy;
			containerPortal = D2349F182990726800F7B62A /* Project object */;
			proxyType = 1;
			remoteGlobalIDString = D2349F1F2990726800F7B62A;
			remoteInfo = RickAndMorty;
		};
/* End PBXContainerItemProxy section */

/* Begin PBXFileReference section */
		D2349F202990726800F7B62A /* RickAndMorty.app */ = {isa = PBXFileReference; explicitFileType = wrapper.application; includeInIndex = 0; path = RickAndMorty.app; sourceTree = BUILT_PRODUCTS_DIR; };
		D2349F232990726800F7B62A /* AppDelegate.swift */ = {isa = PBXFileReference; lastKnownFileType = sourcecode.swift; path = AppDelegate.swift; sourceTree = "<group>"; };
		D2349F272990726800F7B62A /* ListViewController.swift */ = {isa = PBXFileReference; lastKnownFileType = sourcecode.swift; path = ListViewController.swift; sourceTree = "<group>"; };
		D2349F2A2990726800F7B62A /* Base */ = {isa = PBXFileReference; lastKnownFileType = file.storyboard; name = Base; path = Base.lproj/Main.storyboard; sourceTree = "<group>"; };
		D2349F2D2990726800F7B62A /* RickAndMorty.xcdatamodel */ = {isa = PBXFileReference; lastKnownFileType = wrapper.xcdatamodel; path = RickAndMorty.xcdatamodel; sourceTree = "<group>"; };
		D2349F2F2990726900F7B62A /* Assets.xcassets */ = {isa = PBXFileReference; lastKnownFileType = folder.assetcatalog; path = Assets.xcassets; sourceTree = "<group>"; };
		D2349F322990726900F7B62A /* Base */ = {isa = PBXFileReference; lastKnownFileType = file.storyboard; name = Base; path = Base.lproj/LaunchScreen.storyboard; sourceTree = "<group>"; };
		D2349F342990726900F7B62A /* Info.plist */ = {isa = PBXFileReference; lastKnownFileType = text.plist.xml; path = Info.plist; sourceTree = "<group>"; };
		D2349F392990726900F7B62A /* RickAndMortyTests.xctest */ = {isa = PBXFileReference; explicitFileType = wrapper.cfbundle; includeInIndex = 0; path = RickAndMortyTests.xctest; sourceTree = BUILT_PRODUCTS_DIR; };
		D2349F3D2990726900F7B62A /* RickAndMortyTests.swift */ = {isa = PBXFileReference; lastKnownFileType = sourcecode.swift; path = RickAndMortyTests.swift; sourceTree = "<group>"; };
		D2349F432990726900F7B62A /* RickAndMortyUITests.xctest */ = {isa = PBXFileReference; explicitFileType = wrapper.cfbundle; includeInIndex = 0; path = RickAndMortyUITests.xctest; sourceTree = BUILT_PRODUCTS_DIR; };
		D2349F472990726900F7B62A /* RickAndMortyUITests.swift */ = {isa = PBXFileReference; lastKnownFileType = sourcecode.swift; path = RickAndMortyUITests.swift; sourceTree = "<group>"; };
		D2349F492990726900F7B62A /* RickAndMortyUITestsLaunchTests.swift */ = {isa = PBXFileReference; lastKnownFileType = sourcecode.swift; path = RickAndMortyUITestsLaunchTests.swift; sourceTree = "<group>"; };
		D2349FBD2995B68700F7B62A /* ListViewModel.swift */ = {isa = PBXFileReference; lastKnownFileType = sourcecode.swift; path = ListViewModel.swift; sourceTree = "<group>"; };
		D2349FBF2995B69400F7B62A /* ListModel.swift */ = {isa = PBXFileReference; lastKnownFileType = sourcecode.swift; path = ListModel.swift; sourceTree = "<group>"; };
		D2349FC12996F9C900F7B62A /* ListViewControllerTableHelper.swift */ = {isa = PBXFileReference; lastKnownFileType = sourcecode.swift; name = ListViewControllerTableHelper.swift; path = ../../../../../../Downloads/ListViewControllerTableHelper.swift; sourceTree = "<group>"; };
		D2349FC329970B9100F7B62A /* ListCell.swift */ = {isa = PBXFileReference; lastKnownFileType = sourcecode.swift; path = ListCell.swift; sourceTree = "<group>"; };
		D2349FC429970B9100F7B62A /* ListCell.xib */ = {isa = PBXFileReference; lastKnownFileType = file.xib; path = ListCell.xib; sourceTree = "<group>"; };
		D2E1B88429983F24003D534E /* CharacterData.swift */ = {isa = PBXFileReference; lastKnownFileType = sourcecode.swift; path = CharacterData.swift; sourceTree = "<group>"; };
/* End PBXFileReference section */

/* Begin PBXFrameworksBuildPhase section */
		D2349F1D2990726800F7B62A /* Frameworks */ = {
			isa = PBXFrameworksBuildPhase;
			buildActionMask = 2147483647;
			files = (
				D2E1B88029983492003D534E /* Kingfisher in Frameworks */,
				D2E1B883299835B4003D534E /* Alamofire in Frameworks */,
			);
			runOnlyForDeploymentPostprocessing = 0;
		};
		D2349F362990726900F7B62A /* Frameworks */ = {
			isa = PBXFrameworksBuildPhase;
			buildActionMask = 2147483647;
			files = (
			);
			runOnlyForDeploymentPostprocessing = 0;
		};
		D2349F402990726900F7B62A /* Frameworks */ = {
			isa = PBXFrameworksBuildPhase;
			buildActionMask = 2147483647;
			files = (
			);
			runOnlyForDeploymentPostprocessing = 0;
		};
/* End PBXFrameworksBuildPhase section */

/* Begin PBXGroup section */
		D2349F172990726800F7B62A = {
			isa = PBXGroup;
			children = (
				D2349F222990726800F7B62A /* RickAndMorty */,
				D2349F3C2990726900F7B62A /* RickAndMortyTests */,
				D2349F462990726900F7B62A /* RickAndMortyUITests */,
				D2349F212990726800F7B62A /* Products */,
			);
			sourceTree = "<group>";
		};
		D2349F212990726800F7B62A /* Products */ = {
			isa = PBXGroup;
			children = (
				D2349F202990726800F7B62A /* RickAndMorty.app */,
				D2349F392990726900F7B62A /* RickAndMortyTests.xctest */,
				D2349F432990726900F7B62A /* RickAndMortyUITests.xctest */,
			);
			name = Products;
			sourceTree = "<group>";
		};
		D2349F222990726800F7B62A /* RickAndMorty */ = {
			isa = PBXGroup;
			children = (
				D2349FBB2995A8D600F7B62A /* Manager */,
				D2349FBA2995A8C900F7B62A /* Resource */,
				D2349FB82995A8B700F7B62A /* Module */,
				D2349FB72995A88000F7B62A /* Extrension */,
				D2349F292990726800F7B62A /* Main.storyboard */,
				D2349FBC2995A8E000F7B62A /* App */,
				D2349F312990726900F7B62A /* LaunchScreen.storyboard */,
			);
			path = RickAndMorty;
			sourceTree = "<group>";
		};
		D2349F3C2990726900F7B62A /* RickAndMortyTests */ = {
			isa = PBXGroup;
			children = (
				D2349F3D2990726900F7B62A /* RickAndMortyTests.swift */,
			);
			path = RickAndMortyTests;
			sourceTree = "<group>";
		};
		D2349F462990726900F7B62A /* RickAndMortyUITests */ = {
			isa = PBXGroup;
			children = (
				D2349F472990726900F7B62A /* RickAndMortyUITests.swift */,
				D2349F492990726900F7B62A /* RickAndMortyUITestsLaunchTests.swift */,
			);
			path = RickAndMortyUITests;
			sourceTree = "<group>";
		};
		D2349FB72995A88000F7B62A /* Extrension */ = {
			isa = PBXGroup;
			children = (
			);
			path = Extrension;
			sourceTree = "<group>";
		};
		D2349FB82995A8B700F7B62A /* Module */ = {
			isa = PBXGroup;
			children = (
				D2349FB92995A8BD00F7B62A /* List */,
			);
			path = Module;
			sourceTree = "<group>";
		};
		D2349FB92995A8BD00F7B62A /* List */ = {
			isa = PBXGroup;
			children = (
				D2349FC12996F9C900F7B62A /* ListViewControllerTableHelper.swift */,
				D2349F272990726800F7B62A /* ListViewController.swift */,
				D2349FBD2995B68700F7B62A /* ListViewModel.swift */,
				D2349FBF2995B69400F7B62A /* ListModel.swift */,
				D2349FC329970B9100F7B62A /* ListCell.swift */,
				D2349FC429970B9100F7B62A /* ListCell.xib */,
				D2E1B88429983F24003D534E /* CharacterData.swift */,
			);
			path = List;
			sourceTree = "<group>";
		};
		D2349FBA2995A8C900F7B62A /* Resource */ = {
			isa = PBXGroup;
			children = (
				D2349F2F2990726900F7B62A /* Assets.xcassets */,
				D2349F342990726900F7B62A /* Info.plist */,
				D2349F2C2990726800F7B62A /* RickAndMorty.xcdatamodeld */,
			);
			path = Resource;
			sourceTree = "<group>";
		};
		D2349FBB2995A8D600F7B62A /* Manager */ = {
			isa = PBXGroup;
			children = (
			);
			path = Manager;
			sourceTree = "<group>";
		};
		D2349FBC2995A8E000F7B62A /* App */ = {
			isa = PBXGroup;
			children = (
				D2349F232990726800F7B62A /* AppDelegate.swift */,
			);
			path = App;
			sourceTree = "<group>";
		};
/* End PBXGroup section */

/* Begin PBXNativeTarget section */
		D2349F1F2990726800F7B62A /* RickAndMorty */ = {
			isa = PBXNativeTarget;
			buildConfigurationList = D2349F4D2990726900F7B62A /* Build configuration list for PBXNativeTarget "RickAndMorty" */;
			buildPhases = (
				D2349F1C2990726800F7B62A /* Sources */,
				D2349F1D2990726800F7B62A /* Frameworks */,
				D2349F1E2990726800F7B62A /* Resources */,
			);
			buildRules = (
			);
			dependencies = (
			);
			name = RickAndMorty;
			packageProductDependencies = (
				D2E1B87F29983492003D534E /* Kingfisher */,
				D2E1B882299835B4003D534E /* Alamofire */,
			);
			productName = RickAndMorty;
			productReference = D2349F202990726800F7B62A /* RickAndMorty.app */;
			productType = "com.apple.product-type.application";
		};
		D2349F382990726900F7B62A /* RickAndMortyTests */ = {
			isa = PBXNativeTarget;
			buildConfigurationList = D2349F502990726900F7B62A /* Build configuration list for PBXNativeTarget "RickAndMortyTests" */;
			buildPhases = (
				D2349F352990726900F7B62A /* Sources */,
				D2349F362990726900F7B62A /* Frameworks */,
				D2349F372990726900F7B62A /* Resources */,
			);
			buildRules = (
			);
			dependencies = (
				D2349F3B2990726900F7B62A /* PBXTargetDependency */,
			);
			name = RickAndMortyTests;
			productName = RickAndMortyTests;
			productReference = D2349F392990726900F7B62A /* RickAndMortyTests.xctest */;
			productType = "com.apple.product-type.bundle.unit-test";
		};
		D2349F422990726900F7B62A /* RickAndMortyUITests */ = {
			isa = PBXNativeTarget;
			buildConfigurationList = D2349F532990726900F7B62A /* Build configuration list for PBXNativeTarget "RickAndMortyUITests" */;
			buildPhases = (
				D2349F3F2990726900F7B62A /* Sources */,
				D2349F402990726900F7B62A /* Frameworks */,
				D2349F412990726900F7B62A /* Resources */,
			);
			buildRules = (
			);
			dependencies = (
				D2349F452990726900F7B62A /* PBXTargetDependency */,
			);
			name = RickAndMortyUITests;
			productName = RickAndMortyUITests;
			productReference = D2349F432990726900F7B62A /* RickAndMortyUITests.xctest */;
			productType = "com.apple.product-type.bundle.ui-testing";
		};
/* End PBXNativeTarget section */

/* Begin PBXProject section */
		D2349F182990726800F7B62A /* Project object */ = {
			isa = PBXProject;
			attributes = {
				BuildIndependentTargetsInParallel = 1;
				LastSwiftUpdateCheck = 1410;
				LastUpgradeCheck = 1410;
				TargetAttributes = {
					D2349F1F2990726800F7B62A = {
						CreatedOnToolsVersion = 14.1;
					};
					D2349F382990726900F7B62A = {
						CreatedOnToolsVersion = 14.1;
						TestTargetID = D2349F1F2990726800F7B62A;
					};
					D2349F422990726900F7B62A = {
						CreatedOnToolsVersion = 14.1;
						TestTargetID = D2349F1F2990726800F7B62A;
					};
				};
			};
			buildConfigurationList = D2349F1B2990726800F7B62A /* Build configuration list for PBXProject "RickAndMorty" */;
			compatibilityVersion = "Xcode 14.0";
			developmentRegion = en;
			hasScannedForEncodings = 0;
			knownRegions = (
				en,
				Base,
			);
			mainGroup = D2349F172990726800F7B62A;
			packageReferences = (
				D2E1B87E29983492003D534E /* XCRemoteSwiftPackageReference "Kingfisher" */,
				D2E1B881299835B4003D534E /* XCRemoteSwiftPackageReference "Alamofire" */,
			);
			productRefGroup = D2349F212990726800F7B62A /* Products */;
			projectDirPath = "";
			projectRoot = "";
			targets = (
				D2349F1F2990726800F7B62A /* RickAndMorty */,
				D2349F382990726900F7B62A /* RickAndMortyTests */,
				D2349F422990726900F7B62A /* RickAndMortyUITests */,
			);
		};
/* End PBXProject section */

/* Begin PBXResourcesBuildPhase section */
		D2349F1E2990726800F7B62A /* Resources */ = {
			isa = PBXResourcesBuildPhase;
			buildActionMask = 2147483647;
			files = (
				D2349F332990726900F7B62A /* LaunchScreen.storyboard in Resources */,
				D2349FC629970B9100F7B62A /* ListCell.xib in Resources */,
				D2349F302990726900F7B62A /* Assets.xcassets in Resources */,
				D2349F2B2990726800F7B62A /* Main.storyboard in Resources */,
			);
			runOnlyForDeploymentPostprocessing = 0;
		};
		D2349F372990726900F7B62A /* Resources */ = {
			isa = PBXResourcesBuildPhase;
			buildActionMask = 2147483647;
			files = (
			);
			runOnlyForDeploymentPostprocessing = 0;
		};
		D2349F412990726900F7B62A /* Resources */ = {
			isa = PBXResourcesBuildPhase;
			buildActionMask = 2147483647;
			files = (
			);
			runOnlyForDeploymentPostprocessing = 0;
		};
/* End PBXResourcesBuildPhase section */

/* Begin PBXSourcesBuildPhase section */
		D2349F1C2990726800F7B62A /* Sources */ = {
			isa = PBXSourcesBuildPhase;
			buildActionMask = 2147483647;
			files = (
				D2349F2E2990726800F7B62A /* RickAndMorty.xcdatamodeld in Sources */,
				D2349F282990726800F7B62A /* ListViewController.swift in Sources */,
				D2349FBE2995B68700F7B62A /* ListViewModel.swift in Sources */,
				D2349FC529970B9100F7B62A /* ListCell.swift in Sources */,
				D2349F242990726800F7B62A /* AppDelegate.swift in Sources */,
				D2E1B88529983F24003D534E /* CharacterData.swift in Sources */,
				D2349FC02995B69400F7B62A /* ListModel.swift in Sources */,
				D2349FC22996F9C900F7B62A /* ListViewControllerTableHelper.swift in Sources */,
			);
			runOnlyForDeploymentPostprocessing = 0;
		};
		D2349F352990726900F7B62A /* Sources */ = {
			isa = PBXSourcesBuildPhase;
			buildActionMask = 2147483647;
			files = (
				D2349F3E2990726900F7B62A /* RickAndMortyTests.swift in Sources */,
			);
			runOnlyForDeploymentPostprocessing = 0;
		};
		D2349F3F2990726900F7B62A /* Sources */ = {
			isa = PBXSourcesBuildPhase;
			buildActionMask = 2147483647;
			files = (
				D2349F482990726900F7B62A /* RickAndMortyUITests.swift in Sources */,
				D2349F4A2990726900F7B62A /* RickAndMortyUITestsLaunchTests.swift in Sources */,
			);
			runOnlyForDeploymentPostprocessing = 0;
		};
/* End PBXSourcesBuildPhase section */

/* Begin PBXTargetDependency section */
		D2349F3B2990726900F7B62A /* PBXTargetDependency */ = {
			isa = PBXTargetDependency;
			target = D2349F1F2990726800F7B62A /* RickAndMorty */;
			targetProxy = D2349F3A2990726900F7B62A /* PBXContainerItemProxy */;
		};
		D2349F452990726900F7B62A /* PBXTargetDependency */ = {
			isa = PBXTargetDependency;
			target = D2349F1F2990726800F7B62A /* RickAndMorty */;
			targetProxy = D2349F442990726900F7B62A /* PBXContainerItemProxy */;
		};
/* End PBXTargetDependency section */

/* Begin PBXVariantGroup section */
		D2349F292990726800F7B62A /* Main.storyboard */ = {
			isa = PBXVariantGroup;
			children = (
				D2349F2A2990726800F7B62A /* Base */,
			);
			name = Main.storyboard;
			sourceTree = "<group>";
		};
		D2349F312990726900F7B62A /* LaunchScreen.storyboard */ = {
			isa = PBXVariantGroup;
			children = (
				D2349F322990726900F7B62A /* Base */,
			);
			name = LaunchScreen.storyboard;
			sourceTree = "<group>";
		};
/* End PBXVariantGroup section */

/* Begin XCBuildConfiguration section */
		D2349F4B2990726900F7B62A /* Debug */ = {
			isa = XCBuildConfiguration;
			buildSettings = {
				ALWAYS_SEARCH_USER_PATHS = NO;
				CLANG_ANALYZER_NONNULL = YES;
				CLANG_ANALYZER_NUMBER_OBJECT_CONVERSION = YES_AGGRESSIVE;
				CLANG_CXX_LANGUAGE_STANDARD = "gnu++20";
				CLANG_ENABLE_MODULES = YES;
				CLANG_ENABLE_OBJC_ARC = YES;
				CLANG_ENABLE_OBJC_WEAK = YES;
				CLANG_WARN_BLOCK_CAPTURE_AUTORELEASING = YES;
				CLANG_WARN_BOOL_CONVERSION = YES;
				CLANG_WARN_COMMA = YES;
				CLANG_WARN_CONSTANT_CONVERSION = YES;
				CLANG_WARN_DEPRECATED_OBJC_IMPLEMENTATIONS = YES;
				CLANG_WARN_DIRECT_OBJC_ISA_USAGE = YES_ERROR;
				CLANG_WARN_DOCUMENTATION_COMMENTS = YES;
				CLANG_WARN_EMPTY_BODY = YES;
				CLANG_WARN_ENUM_CONVERSION = YES;
				CLANG_WARN_INFINITE_RECURSION = YES;
				CLANG_WARN_INT_CONVERSION = YES;
				CLANG_WARN_NON_LITERAL_NULL_CONVERSION = YES;
				CLANG_WARN_OBJC_IMPLICIT_RETAIN_SELF = YES;
				CLANG_WARN_OBJC_LITERAL_CONVERSION = YES;
				CLANG_WARN_OBJC_ROOT_CLASS = YES_ERROR;
				CLANG_WARN_QUOTED_INCLUDE_IN_FRAMEWORK_HEADER = YES;
				CLANG_WARN_RANGE_LOOP_ANALYSIS = YES;
				CLANG_WARN_STRICT_PROTOTYPES = YES;
				CLANG_WARN_SUSPICIOUS_MOVE = YES;
				CLANG_WARN_UNGUARDED_AVAILABILITY = YES_AGGRESSIVE;
				CLANG_WARN_UNREACHABLE_CODE = YES;
				CLANG_WARN__DUPLICATE_METHOD_MATCH = YES;
				COPY_PHASE_STRIP = NO;
				DEBUG_INFORMATION_FORMAT = dwarf;
				ENABLE_STRICT_OBJC_MSGSEND = YES;
				ENABLE_TESTABILITY = YES;
				GCC_C_LANGUAGE_STANDARD = gnu11;
				GCC_DYNAMIC_NO_PIC = NO;
				GCC_NO_COMMON_BLOCKS = YES;
				GCC_OPTIMIZATION_LEVEL = 0;
				GCC_PREPROCESSOR_DEFINITIONS = (
					"DEBUG=1",
					"$(inherited)",
				);
				GCC_WARN_64_TO_32_BIT_CONVERSION = YES;
				GCC_WARN_ABOUT_RETURN_TYPE = YES_ERROR;
				GCC_WARN_UNDECLARED_SELECTOR = YES;
				GCC_WARN_UNINITIALIZED_AUTOS = YES_AGGRESSIVE;
				GCC_WARN_UNUSED_FUNCTION = YES;
				GCC_WARN_UNUSED_VARIABLE = YES;
				IPHONEOS_DEPLOYMENT_TARGET = 16.1;
				MTL_ENABLE_DEBUG_INFO = INCLUDE_SOURCE;
				MTL_FAST_MATH = YES;
				ONLY_ACTIVE_ARCH = YES;
				SDKROOT = iphoneos;
				SWIFT_ACTIVE_COMPILATION_CONDITIONS = DEBUG;
				SWIFT_OPTIMIZATION_LEVEL = "-Onone";
			};
			name = Debug;
		};
		D2349F4C2990726900F7B62A /* Release */ = {
			isa = XCBuildConfiguration;
			buildSettings = {
				ALWAYS_SEARCH_USER_PATHS = NO;
				CLANG_ANALYZER_NONNULL = YES;
				CLANG_ANALYZER_NUMBER_OBJECT_CONVERSION = YES_AGGRESSIVE;
				CLANG_CXX_LANGUAGE_STANDARD = "gnu++20";
				CLANG_ENABLE_MODULES = YES;
				CLANG_ENABLE_OBJC_ARC = YES;
				CLANG_ENABLE_OBJC_WEAK = YES;
				CLANG_WARN_BLOCK_CAPTURE_AUTORELEASING = YES;
				CLANG_WARN_BOOL_CONVERSION = YES;
				CLANG_WARN_COMMA = YES;
				CLANG_WARN_CONSTANT_CONVERSION = YES;
				CLANG_WARN_DEPRECATED_OBJC_IMPLEMENTATIONS = YES;
				CLANG_WARN_DIRECT_OBJC_ISA_USAGE = YES_ERROR;
				CLANG_WARN_DOCUMENTATION_COMMENTS = YES;
				CLANG_WARN_EMPTY_BODY = YES;
				CLANG_WARN_ENUM_CONVERSION = YES;
				CLANG_WARN_INFINITE_RECURSION = YES;
				CLANG_WARN_INT_CONVERSION = YES;
				CLANG_WARN_NON_LITERAL_NULL_CONVERSION = YES;
				CLANG_WARN_OBJC_IMPLICIT_RETAIN_SELF = YES;
				CLANG_WARN_OBJC_LITERAL_CONVERSION = YES;
				CLANG_WARN_OBJC_ROOT_CLASS = YES_ERROR;
				CLANG_WARN_QUOTED_INCLUDE_IN_FRAMEWORK_HEADER = YES;
				CLANG_WARN_RANGE_LOOP_ANALYSIS = YES;
				CLANG_WARN_STRICT_PROTOTYPES = YES;
				CLANG_WARN_SUSPICIOUS_MOVE = YES;
				CLANG_WARN_UNGUARDED_AVAILABILITY = YES_AGGRESSIVE;
				CLANG_WARN_UNREACHABLE_CODE = YES;
				CLANG_WARN__DUPLICATE_METHOD_MATCH = YES;
				COPY_PHASE_STRIP = NO;
				DEBUG_INFORMATION_FORMAT = "dwarf-with-dsym";
				ENABLE_NS_ASSERTIONS = NO;
				ENABLE_STRICT_OBJC_MSGSEND = YES;
				GCC_C_LANGUAGE_STANDARD = gnu11;
				GCC_NO_COMMON_BLOCKS = YES;
				GCC_WARN_64_TO_32_BIT_CONVERSION = YES;
				GCC_WARN_ABOUT_RETURN_TYPE = YES_ERROR;
				GCC_WARN_UNDECLARED_SELECTOR = YES;
				GCC_WARN_UNINITIALIZED_AUTOS = YES_AGGRESSIVE;
				GCC_WARN_UNUSED_FUNCTION = YES;
				GCC_WARN_UNUSED_VARIABLE = YES;
				IPHONEOS_DEPLOYMENT_TARGET = 16.1;
				MTL_ENABLE_DEBUG_INFO = NO;
				MTL_FAST_MATH = YES;
				SDKROOT = iphoneos;
				SWIFT_COMPILATION_MODE = wholemodule;
				SWIFT_OPTIMIZATION_LEVEL = "-O";
				VALIDATE_PRODUCT = YES;
			};
			name = Release;
		};
		D2349F4E2990726900F7B62A /* Debug */ = {
			isa = XCBuildConfiguration;
			buildSettings = {
				ASSETCATALOG_COMPILER_APPICON_NAME = AppIcon;
				ASSETCATALOG_COMPILER_GLOBAL_ACCENT_COLOR_NAME = AccentColor;
				CODE_SIGN_STYLE = Automatic;
				CURRENT_PROJECT_VERSION = 1;
				GENERATE_INFOPLIST_FILE = YES;
				INFOPLIST_FILE = RickAndMorty/Resource/Info.plist;
				INFOPLIST_KEY_UIApplicationSupportsIndirectInputEvents = YES;
				INFOPLIST_KEY_UILaunchStoryboardName = LaunchScreen;
				INFOPLIST_KEY_UIMainStoryboardFile = Main;
				INFOPLIST_KEY_UISupportedInterfaceOrientations_iPad = "UIInterfaceOrientationPortrait UIInterfaceOrientationPortraitUpsideDown UIInterfaceOrientationLandscapeLeft UIInterfaceOrientationLandscapeRight";
				INFOPLIST_KEY_UISupportedInterfaceOrientations_iPhone = "UIInterfaceOrientationPortrait UIInterfaceOrientationLandscapeLeft UIInterfaceOrientationLandscapeRight";
				LD_RUNPATH_SEARCH_PATHS = (
					"$(inherited)",
					"@executable_path/Frameworks",
				);
				MARKETING_VERSION = 1.0;
				PRODUCT_BUNDLE_IDENTIFIER = com.kamilcal.RickAndMorty;
				PRODUCT_NAME = "$(TARGET_NAME)";
				SUPPORTED_PLATFORMS = "iphoneos iphonesimulator";
				SUPPORTS_MACCATALYST = NO;
				SUPPORTS_MAC_DESIGNED_FOR_IPHONE_IPAD = NO;
				SWIFT_EMIT_LOC_STRINGS = YES;
				SWIFT_VERSION = 5.0;
				TARGETED_DEVICE_FAMILY = 1;
			};
			name = Debug;
		};
		D2349F4F2990726900F7B62A /* Release */ = {
			isa = XCBuildConfiguration;
			buildSettings = {
				ASSETCATALOG_COMPILER_APPICON_NAME = AppIcon;
				ASSETCATALOG_COMPILER_GLOBAL_ACCENT_COLOR_NAME = AccentColor;
				CODE_SIGN_STYLE = Automatic;
				CURRENT_PROJECT_VERSION = 1;
				GENERATE_INFOPLIST_FILE = YES;
				INFOPLIST_FILE = RickAndMorty/Resource/Info.plist;
				INFOPLIST_KEY_UIApplicationSupportsIndirectInputEvents = YES;
				INFOPLIST_KEY_UILaunchStoryboardName = LaunchScreen;
				INFOPLIST_KEY_UIMainStoryboardFile = Main;
				INFOPLIST_KEY_UISupportedInterfaceOrientations_iPad = "UIInterfaceOrientationPortrait UIInterfaceOrientationPortraitUpsideDown UIInterfaceOrientationLandscapeLeft UIInterfaceOrientationLandscapeRight";
				INFOPLIST_KEY_UISupportedInterfaceOrientations_iPhone = "UIInterfaceOrientationPortrait UIInterfaceOrientationLandscapeLeft UIInterfaceOrientationLandscapeRight";
				LD_RUNPATH_SEARCH_PATHS = (
					"$(inherited)",
					"@executable_path/Frameworks",
				);
				MARKETING_VERSION = 1.0;
				PRODUCT_BUNDLE_IDENTIFIER = com.kamilcal.RickAndMorty;
				PRODUCT_NAME = "$(TARGET_NAME)";
				SUPPORTED_PLATFORMS = "iphoneos iphonesimulator";
				SUPPORTS_MACCATALYST = NO;
				SUPPORTS_MAC_DESIGNED_FOR_IPHONE_IPAD = NO;
				SWIFT_EMIT_LOC_STRINGS = YES;
				SWIFT_VERSION = 5.0;
				TARGETED_DEVICE_FAMILY = 1;
			};
			name = Release;
		};
		D2349F512990726900F7B62A /* Debug */ = {
			isa = XCBuildConfiguration;
			buildSettings = {
				ALWAYS_EMBED_SWIFT_STANDARD_LIBRARIES = YES;
				BUNDLE_LOADER = "$(TEST_HOST)";
				CODE_SIGN_STYLE = Automatic;
				CURRENT_PROJECT_VERSION = 1;
				GENERATE_INFOPLIST_FILE = YES;
				IPHONEOS_DEPLOYMENT_TARGET = 16.1;
				MARKETING_VERSION = 1.0;
				PRODUCT_BUNDLE_IDENTIFIER = com.kamilcal.RickAndMortyTests;
				PRODUCT_NAME = "$(TARGET_NAME)";
				SWIFT_EMIT_LOC_STRINGS = NO;
				SWIFT_VERSION = 5.0;
				TARGETED_DEVICE_FAMILY = "1,2";
				TEST_HOST = "$(BUILT_PRODUCTS_DIR)/RickAndMorty.app/$(BUNDLE_EXECUTABLE_FOLDER_PATH)/RickAndMorty";
			};
			name = Debug;
		};
		D2349F522990726900F7B62A /* Release */ = {
			isa = XCBuildConfiguration;
			buildSettings = {
				ALWAYS_EMBED_SWIFT_STANDARD_LIBRARIES = YES;
				BUNDLE_LOADER = "$(TEST_HOST)";
				CODE_SIGN_STYLE = Automatic;
				CURRENT_PROJECT_VERSION = 1;
				GENERATE_INFOPLIST_FILE = YES;
				IPHONEOS_DEPLOYMENT_TARGET = 16.1;
				MARKETING_VERSION = 1.0;
				PRODUCT_BUNDLE_IDENTIFIER = com.kamilcal.RickAndMortyTests;
				PRODUCT_NAME = "$(TARGET_NAME)";
				SWIFT_EMIT_LOC_STRINGS = NO;
				SWIFT_VERSION = 5.0;
				TARGETED_DEVICE_FAMILY = "1,2";
				TEST_HOST = "$(BUILT_PRODUCTS_DIR)/RickAndMorty.app/$(BUNDLE_EXECUTABLE_FOLDER_PATH)/RickAndMorty";
			};
			name = Release;
		};
		D2349F542990726900F7B62A /* Debug */ = {
			isa = XCBuildConfiguration;
			buildSettings = {
				ALWAYS_EMBED_SWIFT_STANDARD_LIBRARIES = YES;
				CODE_SIGN_STYLE = Automatic;
				CURRENT_PROJECT_VERSION = 1;
				GENERATE_INFOPLIST_FILE = YES;
				MARKETING_VERSION = 1.0;
				PRODUCT_BUNDLE_IDENTIFIER = com.kamilcal.RickAndMortyUITests;
				PRODUCT_NAME = "$(TARGET_NAME)";
				SWIFT_EMIT_LOC_STRINGS = NO;
				SWIFT_VERSION = 5.0;
				TARGETED_DEVICE_FAMILY = "1,2";
				TEST_TARGET_NAME = RickAndMorty;
			};
			name = Debug;
		};
		D2349F552990726900F7B62A /* Release */ = {
			isa = XCBuildConfiguration;
			buildSettings = {
				ALWAYS_EMBED_SWIFT_STANDARD_LIBRARIES = YES;
				CODE_SIGN_STYLE = Automatic;
				CURRENT_PROJECT_VERSION = 1;
				GENERATE_INFOPLIST_FILE = YES;
				MARKETING_VERSION = 1.0;
				PRODUCT_BUNDLE_IDENTIFIER = com.kamilcal.RickAndMortyUITests;
				PRODUCT_NAME = "$(TARGET_NAME)";
				SWIFT_EMIT_LOC_STRINGS = NO;
				SWIFT_VERSION = 5.0;
				TARGETED_DEVICE_FAMILY = "1,2";
				TEST_TARGET_NAME = RickAndMorty;
			};
			name = Release;
		};
/* End XCBuildConfiguration section */

/* Begin XCConfigurationList section */
		D2349F1B2990726800F7B62A /* Build configuration list for PBXProject "RickAndMorty" */ = {
			isa = XCConfigurationList;
			buildConfigurations = (
				D2349F4B2990726900F7B62A /* Debug */,
				D2349F4C2990726900F7B62A /* Release */,
			);
			defaultConfigurationIsVisible = 0;
			defaultConfigurationName = Release;
		};
		D2349F4D2990726900F7B62A /* Build configuration list for PBXNativeTarget "RickAndMorty" */ = {
			isa = XCConfigurationList;
			buildConfigurations = (
				D2349F4E2990726900F7B62A /* Debug */,
				D2349F4F2990726900F7B62A /* Release */,
			);
			defaultConfigurationIsVisible = 0;
			defaultConfigurationName = Release;
		};
		D2349F502990726900F7B62A /* Build configuration list for PBXNativeTarget "RickAndMortyTests" */ = {
			isa = XCConfigurationList;
			buildConfigurations = (
				D2349F512990726900F7B62A /* Debug */,
				D2349F522990726900F7B62A /* Release */,
			);
			defaultConfigurationIsVisible = 0;
			defaultConfigurationName = Release;
		};
		D2349F532990726900F7B62A /* Build configuration list for PBXNativeTarget "RickAndMortyUITests" */ = {
			isa = XCConfigurationList;
			buildConfigurations = (
				D2349F542990726900F7B62A /* Debug */,
				D2349F552990726900F7B62A /* Release */,
			);
			defaultConfigurationIsVisible = 0;
			defaultConfigurationName = Release;
		};
/* End XCConfigurationList section */

/* Begin XCRemoteSwiftPackageReference section */
		D2E1B87E29983492003D534E /* XCRemoteSwiftPackageReference "Kingfisher" */ = {
			isa = XCRemoteSwiftPackageReference;
			repositoryURL = "https://github.com/onevcat/Kingfisher.git";
			requirement = {
				kind = upToNextMajorVersion;
				minimumVersion = 7.0.0;
			};
		};
		D2E1B881299835B4003D534E /* XCRemoteSwiftPackageReference "Alamofire" */ = {
			isa = XCRemoteSwiftPackageReference;
			repositoryURL = "https://github.com/Alamofire/Alamofire.git";
			requirement = {
				kind = upToNextMajorVersion;
				minimumVersion = 5.0.0;
			};
		};
/* End XCRemoteSwiftPackageReference section */

/* Begin XCSwiftPackageProductDependency section */
		D2E1B87F29983492003D534E /* Kingfisher */ = {
			isa = XCSwiftPackageProductDependency;
			package = D2E1B87E29983492003D534E /* XCRemoteSwiftPackageReference "Kingfisher" */;
			productName = Kingfisher;
		};
		D2E1B882299835B4003D534E /* Alamofire */ = {
			isa = XCSwiftPackageProductDependency;
			package = D2E1B881299835B4003D534E /* XCRemoteSwiftPackageReference "Alamofire" */;
			productName = Alamofire;
		};
/* End XCSwiftPackageProductDependency section */

/* Begin XCVersionGroup section */
		D2349F2C2990726800F7B62A /* RickAndMorty.xcdatamodeld */ = {
			isa = XCVersionGroup;
			children = (
				D2349F2D2990726800F7B62A /* RickAndMorty.xcdatamodel */,
			);
			currentVersion = D2349F2D2990726800F7B62A /* RickAndMorty.xcdatamodel */;
			path = RickAndMorty.xcdatamodeld;
			sourceTree = "<group>";
			versionGroupType = wrapper.xcdatamodel;
		};
/* End XCVersionGroup section */
	};
	rootObject = D2349F182990726800F7B62A /* Project object */;
}
